# This file is generated by running "yarn install" inside your project.
# Manual changes might be lost - proceed with caution!

__metadata:
  version: 4

"flow-bin@npm:0.114.0":
  version: 0.114.0
  resolution: "flow-bin@npm:0.114.0"
  bin:
    flow: cli.js
  checksum: 83f34adacc6af05a554676787a898522857c49966a003a66a93a0dc8ba4afbcc6263c078d0ec4fda6f6adb0b8519460616bf853fdd541c4180516f14280ee7e7
  languageName: node
  linkType: hard

"foo@workspace:.":
  version: 0.0.0-use.local
  resolution: "foo@workspace:."
  dependencies:
    flow-bin: 0.114.0
  languageName: unknown
  linkType: soft
